
Microsoft Visual Studio Solution File, Format Version 12.00
# Visual Studio Version 16
VisualStudioVersion = 16.0.29709.97
MinimumVisualStudioVersion = 10.0.40219.1
Project("{FAE04EC0-301F-11D3-BF4B-00C04F79EFBC}") = "BlocDeNotas", "BlocDeNotas\BlocDeNotas.csproj", "{ACD8EFEE-2759-4A21-BF1B-E69A7A1A2608}"
EndProject
Global
	GlobalSection(SolutionConfigurationPlatforms) = preSolution
		Debug|Any CPU = Debug|Any CPU
		Release|Any CPU = Release|Any CPU
	EndGlobalSection
	GlobalSection(ProjectConfigurationPlatforms) = postSolution
		{ACD8EFEE-2759-4A21-BF1B-E69A7A1A2608}.Debug|Any CPU.ActiveCfg = Debug|Any CPU
		{ACD8EFEE-2759-4A21-BF1B-E69A7A1A2608}.Debug|Any CPU.Build.0 = Debug|Any CPU
		{ACD8EFEE-2759-4A21-BF1B-E69A7A1A2608}.Release|Any CPU.ActiveCfg = Release|Any CPU
		{ACD8EFEE-2759-4A21-BF1B-E69A7A1A2608}.Release|Any CPU.Build.0 = Release|Any CPU
	EndGlobalSection
	GlobalSection(SolutionProperties) = preSolution
		HideSolutionNode = FALSE
	EndGlobalSection
	GlobalSection(ExtensibilityGlobals) = postSolution
		SolutionGuid = {34EE98F0-04AE-4B0D-900C-43EC84556C89}
	EndGlobalSection
EndGlobal
