
Microsoft Visual Studio Solution File, Format Version 12.00
# Visual Studio Version 16
VisualStudioVersion = 16.0.28729.10
MinimumVisualStudioVersion = 10.0.40219.1
Project("{FAE04EC0-301F-11D3-BF4B-00C04F79EFBC}") = "Penjat2.0", "Penjat2.0\Penjat2.0.csproj", "{CE7CA02F-A754-4743-80AA-B5DD1A0C22A4}"
EndProject
Global
	GlobalSection(SolutionConfigurationPlatforms) = preSolution
		Debug|Any CPU = Debug|Any CPU
		Release|Any CPU = Release|Any CPU
	EndGlobalSection
	GlobalSection(ProjectConfigurationPlatforms) = postSolution
		{CE7CA02F-A754-4743-80AA-B5DD1A0C22A4}.Debug|Any CPU.ActiveCfg = Debug|Any CPU
		{CE7CA02F-A754-4743-80AA-B5DD1A0C22A4}.Debug|Any CPU.Build.0 = Debug|Any CPU
		{CE7CA02F-A754-4743-80AA-B5DD1A0C22A4}.Release|Any CPU.ActiveCfg = Release|Any CPU
		{CE7CA02F-A754-4743-80AA-B5DD1A0C22A4}.Release|Any CPU.Build.0 = Release|Any CPU
	EndGlobalSection
	GlobalSection(SolutionProperties) = preSolution
		HideSolutionNode = FALSE
	EndGlobalSection
	GlobalSection(ExtensibilityGlobals) = postSolution
		SolutionGuid = {D52E6F2A-61F3-45E6-BCAA-B8B4B2248F45}
	EndGlobalSection
EndGlobal
