
Microsoft Visual Studio Solution File, Format Version 12.00
# Visual Studio Version 16
VisualStudioVersion = 16.0.29519.181
MinimumVisualStudioVersion = 10.0.40219.1
Project("{FAE04EC0-301F-11D3-BF4B-00C04F79EFBC}") = "BuscarTresor", "BuscarTresor\BuscarTresor.csproj", "{71054425-6D66-4143-BA88-89D74960CAB9}"
EndProject
Global
	GlobalSection(SolutionConfigurationPlatforms) = preSolution
		Debug|Any CPU = Debug|Any CPU
		Release|Any CPU = Release|Any CPU
	EndGlobalSection
	GlobalSection(ProjectConfigurationPlatforms) = postSolution
		{71054425-6D66-4143-BA88-89D74960CAB9}.Debug|Any CPU.ActiveCfg = Debug|Any CPU
		{71054425-6D66-4143-BA88-89D74960CAB9}.Debug|Any CPU.Build.0 = Debug|Any CPU
		{71054425-6D66-4143-BA88-89D74960CAB9}.Release|Any CPU.ActiveCfg = Release|Any CPU
		{71054425-6D66-4143-BA88-89D74960CAB9}.Release|Any CPU.Build.0 = Release|Any CPU
	EndGlobalSection
	GlobalSection(SolutionProperties) = preSolution
		HideSolutionNode = FALSE
	EndGlobalSection
	GlobalSection(ExtensibilityGlobals) = postSolution
		SolutionGuid = {2743B499-53F9-426D-9990-0584FF7F3937}
	EndGlobalSection
EndGlobal
